// !$*UTF8*$!
{
	archiveVersion = 1;
	classes = {
	};
	objectVersion = 42;
	objects = {

/* Begin PBXBuildFile section */
		27127F8C14BAB72600E3DB5A /* guiBaseObject.cpp in Sources */ = {isa = PBXBuildFile; fileRef = 27127F5114BAB72600E3DB5A /* guiBaseObject.cpp */; };
		27127F8D14BAB72600E3DB5A /* guiCallback.cpp in Sources */ = {isa = PBXBuildFile; fileRef = 27127F5314BAB72600E3DB5A /* guiCallback.cpp */; };
		27127F8E14BAB72600E3DB5A /* guiCallbackValue.cpp in Sources */ = {isa = PBXBuildFile; fileRef = 27127F5514BAB72600E3DB5A /* guiCallbackValue.cpp */; };
		27127F8F14BAB72600E3DB5A /* guiColor.cpp in Sources */ = {isa = PBXBuildFile; fileRef = 27127F5714BAB72600E3DB5A /* guiColor.cpp */; };
		27127F9014BAB72600E3DB5A /* guiTextBase.cpp in Sources */ = {isa = PBXBuildFile; fileRef = 27127F5B14BAB72600E3DB5A /* guiTextBase.cpp */; };
		27127F9114BAB72600E3DB5A /* guiType2DSlider.cpp in Sources */ = {isa = PBXBuildFile; fileRef = 27127F5D14BAB72600E3DB5A /* guiType2DSlider.cpp */; };
		27127F9214BAB72600E3DB5A /* guiTypeButtonSlider.cpp in Sources */ = {isa = PBXBuildFile; fileRef = 27127F5F14BAB72600E3DB5A /* guiTypeButtonSlider.cpp */; };
		27127F9314BAB72600E3DB5A /* guiTypeChartPlotter.cpp in Sources */ = {isa = PBXBuildFile; fileRef = 27127F6114BAB72600E3DB5A /* guiTypeChartPlotter.cpp */; };
		27127F9414BAB72600E3DB5A /* guiTypeCustom.cpp in Sources */ = {isa = PBXBuildFile; fileRef = 27127F6314BAB72600E3DB5A /* guiTypeCustom.cpp */; };
		27127F9514BAB72600E3DB5A /* guiTypeDrawable.cpp in Sources */ = {isa = PBXBuildFile; fileRef = 27127F6514BAB72600E3DB5A /* guiTypeDrawable.cpp */; };
		27127F9614BAB72600E3DB5A /* guiTypeFileLister.cpp in Sources */ = {isa = PBXBuildFile; fileRef = 27127F6714BAB72600E3DB5A /* guiTypeFileLister.cpp */; };
		27127F9714BAB72600E3DB5A /* guiTypeLabel.cpp in Sources */ = {isa = PBXBuildFile; fileRef = 27127F6914BAB72600E3DB5A /* guiTypeLabel.cpp */; };
		27127F9814BAB72600E3DB5A /* guiTypeLogger.cpp in Sources */ = {isa = PBXBuildFile; fileRef = 27127F6B14BAB72600E3DB5A /* guiTypeLogger.cpp */; };
		27127F9914BAB72600E3DB5A /* guiTypeMultiToggle.cpp in Sources */ = {isa = PBXBuildFile; fileRef = 27127F6D14BAB72600E3DB5A /* guiTypeMultiToggle.cpp */; };
		27127F9A14BAB72600E3DB5A /* guiTypePanel.cpp in Sources */ = {isa = PBXBuildFile; fileRef = 27127F6F14BAB72600E3DB5A /* guiTypePanel.cpp */; };
		27127F9B14BAB72600E3DB5A /* guiTypeSlider.cpp in Sources */ = {isa = PBXBuildFile; fileRef = 27127F7114BAB72600E3DB5A /* guiTypeSlider.cpp */; };
		27127F9C14BAB72600E3DB5A /* guiTypeText.cpp in Sources */ = {isa = PBXBuildFile; fileRef = 27127F7314BAB72600E3DB5A /* guiTypeText.cpp */; };
		27127F9D14BAB72600E3DB5A /* guiTypeTextDropDown.cpp in Sources */ = {isa = PBXBuildFile; fileRef = 27127F7514BAB72600E3DB5A /* guiTypeTextDropDown.cpp */; };
		27127F9E14BAB72600E3DB5A /* guiTypeTextInput.cpp in Sources */ = {isa = PBXBuildFile; fileRef = 27127F7714BAB72600E3DB5A /* guiTypeTextInput.cpp */; };
		27127F9F14BAB72600E3DB5A /* guiTypeToggle.cpp in Sources */ = {isa = PBXBuildFile; fileRef = 27127F7914BAB72600E3DB5A /* guiTypeToggle.cpp */; };
		27127FA014BAB72600E3DB5A /* guiTypeVairableLister.cpp in Sources */ = {isa = PBXBuildFile; fileRef = 27127F7B14BAB72600E3DB5A /* guiTypeVairableLister.cpp */; };
		27127FA114BAB72600E3DB5A /* guiTypeVideo.cpp in Sources */ = {isa = PBXBuildFile; fileRef = 27127F7D14BAB72600E3DB5A /* guiTypeVideo.cpp */; };
		27127FA214BAB72600E3DB5A /* guiValue.cpp in Sources */ = {isa = PBXBuildFile; fileRef = 27127F7F14BAB72600E3DB5A /* guiValue.cpp */; };
		27127FA314BAB72600E3DB5A /* ofxControlPanel.cpp in Sources */ = {isa = PBXBuildFile; fileRef = 27127F8414BAB72600E3DB5A /* ofxControlPanel.cpp */; };
		27127FA414BAB72600E3DB5A /* simpleColor.cpp in Sources */ = {isa = PBXBuildFile; fileRef = 27127F8614BAB72600E3DB5A /* simpleColor.cpp */; };
		27127FA514BAB72600E3DB5A /* simpleFileLister.cpp in Sources */ = {isa = PBXBuildFile; fileRef = 27127F8814BAB72600E3DB5A /* simpleFileLister.cpp */; };
		27127FA614BAB72600E3DB5A /* simpleLogger.cpp in Sources */ = {isa = PBXBuildFile; fileRef = 27127F8A14BAB72600E3DB5A /* simpleLogger.cpp */; };
		27127FCE14BAB72D00E3DB5A /* tinyxml.cpp in Sources */ = {isa = PBXBuildFile; fileRef = 27127FC714BAB72D00E3DB5A /* tinyxml.cpp */; };
		27127FCF14BAB72D00E3DB5A /* tinyxmlerror.cpp in Sources */ = {isa = PBXBuildFile; fileRef = 27127FC914BAB72D00E3DB5A /* tinyxmlerror.cpp */; };
		27127FD014BAB72D00E3DB5A /* tinyxmlparser.cpp in Sources */ = {isa = PBXBuildFile; fileRef = 27127FCA14BAB72D00E3DB5A /* tinyxmlparser.cpp */; };
		27127FD114BAB72D00E3DB5A /* ofxXmlSettings.cpp in Sources */ = {isa = PBXBuildFile; fileRef = 27127FCC14BAB72D00E3DB5A /* ofxXmlSettings.cpp */; };
		271A3A8514B9309D001A20D7 /* CurveLut.cpp in Sources */ = {isa = PBXBuildFile; fileRef = 271A3A8114B9309D001A20D7 /* CurveLut.cpp */; };
		271A3A8614B9309D001A20D7 /* ofxCurvesTool.cpp in Sources */ = {isa = PBXBuildFile; fileRef = 271A3A8314B9309D001A20D7 /* ofxCurvesTool.cpp */; };
		271A3AB014B93162001A20D7 /* ofxDmx.cpp in Sources */ = {isa = PBXBuildFile; fileRef = 271A3AAE14B93162001A20D7 /* ofxDmx.cpp */; };
		BBAB23CB13894F3D00AA2426 /* GLUT.framework in CopyFiles */ = {isa = PBXBuildFile; fileRef = BBAB23BE13894E4700AA2426 /* GLUT.framework */; };
		E4328149138ABC9F0047C5CB /* openFrameworks.a in Frameworks */ = {isa = PBXBuildFile; fileRef = E4328148138ABC890047C5CB /* openFrameworks.a */; };
		E45BE97B0E8CC7DD009D7055 /* AGL.framework in Frameworks */ = {isa = PBXBuildFile; fileRef = E45BE9710E8CC7DD009D7055 /* AGL.framework */; };
		E45BE97C0E8CC7DD009D7055 /* ApplicationServices.framework in Frameworks */ = {isa = PBXBuildFile; fileRef = E45BE9720E8CC7DD009D7055 /* ApplicationServices.framework */; };
		E45BE97D0E8CC7DD009D7055 /* AudioToolbox.framework in Frameworks */ = {isa = PBXBuildFile; fileRef = E45BE9730E8CC7DD009D7055 /* AudioToolbox.framework */; };
		E45BE97E0E8CC7DD009D7055 /* Carbon.framework in Frameworks */ = {isa = PBXBuildFile; fileRef = E45BE9740E8CC7DD009D7055 /* Carbon.framework */; };
		E45BE97F0E8CC7DD009D7055 /* CoreAudio.framework in Frameworks */ = {isa = PBXBuildFile; fileRef = E45BE9750E8CC7DD009D7055 /* CoreAudio.framework */; };
		E45BE9800E8CC7DD009D7055 /* CoreFoundation.framework in Frameworks */ = {isa = PBXBuildFile; fileRef = E45BE9760E8CC7DD009D7055 /* CoreFoundation.framework */; };
		E45BE9810E8CC7DD009D7055 /* CoreServices.framework in Frameworks */ = {isa = PBXBuildFile; fileRef = E45BE9770E8CC7DD009D7055 /* CoreServices.framework */; };
		E45BE9830E8CC7DD009D7055 /* OpenGL.framework in Frameworks */ = {isa = PBXBuildFile; fileRef = E45BE9790E8CC7DD009D7055 /* OpenGL.framework */; };
		E45BE9840E8CC7DD009D7055 /* QuickTime.framework in Frameworks */ = {isa = PBXBuildFile; fileRef = E45BE97A0E8CC7DD009D7055 /* QuickTime.framework */; };
		E4B69E200A3A1BDC003C02F2 /* main.cpp in Sources */ = {isa = PBXBuildFile; fileRef = E4B69E1D0A3A1BDC003C02F2 /* main.cpp */; };
		E4B69E210A3A1BDC003C02F2 /* ofApp.cpp in Sources */ = {isa = PBXBuildFile; fileRef = E4B69E1E0A3A1BDC003C02F2 /* ofApp.cpp */; };
		E4C2424710CC5A17004149E2 /* AppKit.framework in Frameworks */ = {isa = PBXBuildFile; fileRef = E4C2424410CC5A17004149E2 /* AppKit.framework */; };
		E4C2424810CC5A17004149E2 /* Cocoa.framework in Frameworks */ = {isa = PBXBuildFile; fileRef = E4C2424510CC5A17004149E2 /* Cocoa.framework */; };
		E4C2424910CC5A17004149E2 /* IOKit.framework in Frameworks */ = {isa = PBXBuildFile; fileRef = E4C2424610CC5A17004149E2 /* IOKit.framework */; };
		E4EB6799138ADC1D00A09F29 /* GLUT.framework in Frameworks */ = {isa = PBXBuildFile; fileRef = BBAB23BE13894E4700AA2426 /* GLUT.framework */; };
/* End PBXBuildFile section */

/* Begin PBXContainerItemProxy section */
		E4328147138ABC890047C5CB /* PBXContainerItemProxy */ = {
			isa = PBXContainerItemProxy;
			containerPortal = E4328143138ABC890047C5CB /* openFrameworksLib.xcodeproj */;
			proxyType = 2;
			remoteGlobalIDString = E4B27C1510CBEB8E00536013;
			remoteInfo = openFrameworks;
		};
		E4EEB9AB138B136A00A80321 /* PBXContainerItemProxy */ = {
			isa = PBXContainerItemProxy;
			containerPortal = E4328143138ABC890047C5CB /* openFrameworksLib.xcodeproj */;
			proxyType = 1;
			remoteGlobalIDString = E4B27C1410CBEB8E00536013;
			remoteInfo = openFrameworks;
		};
/* End PBXContainerItemProxy section */

/* Begin PBXCopyFilesBuildPhase section */
		E4C2427710CC5ABF004149E2 /* CopyFiles */ = {
			isa = PBXCopyFilesBuildPhase;
			buildActionMask = 2147483647;
			dstPath = "";
			dstSubfolderSpec = 10;
			files = (
				BBAB23CB13894F3D00AA2426 /* GLUT.framework in CopyFiles */,
			);
			runOnlyForDeploymentPostprocessing = 0;
		};
/* End PBXCopyFilesBuildPhase section */

/* Begin PBXFileReference section */
		27127F5114BAB72600E3DB5A /* guiBaseObject.cpp */ = {isa = PBXFileReference; fileEncoding = 4; lastKnownFileType = sourcecode.cpp.cpp; name = guiBaseObject.cpp; path = ../../ofxControlPanel/src/guiBaseObject.cpp; sourceTree = SOURCE_ROOT; };
		27127F5214BAB72600E3DB5A /* guiBaseObject.h */ = {isa = PBXFileReference; fileEncoding = 4; lastKnownFileType = sourcecode.c.h; name = guiBaseObject.h; path = ../../ofxControlPanel/src/guiBaseObject.h; sourceTree = SOURCE_ROOT; };
		27127F5314BAB72600E3DB5A /* guiCallback.cpp */ = {isa = PBXFileReference; fileEncoding = 4; lastKnownFileType = sourcecode.cpp.cpp; name = guiCallback.cpp; path = ../../ofxControlPanel/src/guiCallback.cpp; sourceTree = SOURCE_ROOT; };
		27127F5414BAB72600E3DB5A /* guiCallback.h */ = {isa = PBXFileReference; fileEncoding = 4; lastKnownFileType = sourcecode.c.h; name = guiCallback.h; path = ../../ofxControlPanel/src/guiCallback.h; sourceTree = SOURCE_ROOT; };
		27127F5514BAB72600E3DB5A /* guiCallbackValue.cpp */ = {isa = PBXFileReference; fileEncoding = 4; lastKnownFileType = sourcecode.cpp.cpp; name = guiCallbackValue.cpp; path = ../../ofxControlPanel/src/guiCallbackValue.cpp; sourceTree = SOURCE_ROOT; };
		27127F5614BAB72600E3DB5A /* guiCallbackValue.h */ = {isa = PBXFileReference; fileEncoding = 4; lastKnownFileType = sourcecode.c.h; name = guiCallbackValue.h; path = ../../ofxControlPanel/src/guiCallbackValue.h; sourceTree = SOURCE_ROOT; };
		27127F5714BAB72600E3DB5A /* guiColor.cpp */ = {isa = PBXFileReference; fileEncoding = 4; lastKnownFileType = sourcecode.cpp.cpp; name = guiColor.cpp; path = ../../ofxControlPanel/src/guiColor.cpp; sourceTree = SOURCE_ROOT; };
		27127F5814BAB72600E3DB5A /* guiColor.h */ = {isa = PBXFileReference; fileEncoding = 4; lastKnownFileType = sourcecode.c.h; name = guiColor.h; path = ../../ofxControlPanel/src/guiColor.h; sourceTree = SOURCE_ROOT; };
		27127F5914BAB72600E3DB5A /* guiCustomImpl.h */ = {isa = PBXFileReference; fileEncoding = 4; lastKnownFileType = sourcecode.c.h; name = guiCustomImpl.h; path = ../../ofxControlPanel/src/guiCustomImpl.h; sourceTree = SOURCE_ROOT; };
		27127F5A14BAB72600E3DB5A /* guiIncludes.h */ = {isa = PBXFileReference; fileEncoding = 4; lastKnownFileType = sourcecode.c.h; name = guiIncludes.h; path = ../../ofxControlPanel/src/guiIncludes.h; sourceTree = SOURCE_ROOT; };
		27127F5B14BAB72600E3DB5A /* guiTextBase.cpp */ = {isa = PBXFileReference; fileEncoding = 4; lastKnownFileType = sourcecode.cpp.cpp; name = guiTextBase.cpp; path = ../../ofxControlPanel/src/guiTextBase.cpp; sourceTree = SOURCE_ROOT; };
		27127F5C14BAB72600E3DB5A /* guiTextBase.h */ = {isa = PBXFileReference; fileEncoding = 4; lastKnownFileType = sourcecode.c.h; name = guiTextBase.h; path = ../../ofxControlPanel/src/guiTextBase.h; sourceTree = SOURCE_ROOT; };
		27127F5D14BAB72600E3DB5A /* guiType2DSlider.cpp */ = {isa = PBXFileReference; fileEncoding = 4; lastKnownFileType = sourcecode.cpp.cpp; name = guiType2DSlider.cpp; path = ../../ofxControlPanel/src/guiType2DSlider.cpp; sourceTree = SOURCE_ROOT; };
		27127F5E14BAB72600E3DB5A /* guiType2DSlider.h */ = {isa = PBXFileReference; fileEncoding = 4; lastKnownFileType = sourcecode.c.h; name = guiType2DSlider.h; path = ../../ofxControlPanel/src/guiType2DSlider.h; sourceTree = SOURCE_ROOT; };
		27127F5F14BAB72600E3DB5A /* guiTypeButtonSlider.cpp */ = {isa = PBXFileReference; fileEncoding = 4; lastKnownFileType = sourcecode.cpp.cpp; name = guiTypeButtonSlider.cpp; path = ../../ofxControlPanel/src/guiTypeButtonSlider.cpp; sourceTree = SOURCE_ROOT; };
		27127F6014BAB72600E3DB5A /* guiTypeButtonSlider.h */ = {isa = PBXFileReference; fileEncoding = 4; lastKnownFileType = sourcecode.c.h; name = guiTypeButtonSlider.h; path = ../../ofxControlPanel/src/guiTypeButtonSlider.h; sourceTree = SOURCE_ROOT; };
		27127F6114BAB72600E3DB5A /* guiTypeChartPlotter.cpp */ = {isa = PBXFileReference; fileEncoding = 4; lastKnownFileType = sourcecode.cpp.cpp; name = guiTypeChartPlotter.cpp; path = ../../ofxControlPanel/src/guiTypeChartPlotter.cpp; sourceTree = SOURCE_ROOT; };
		27127F6214BAB72600E3DB5A /* guiTypeChartPlotter.h */ = {isa = PBXFileReference; fileEncoding = 4; lastKnownFileType = sourcecode.c.h; name = guiTypeChartPlotter.h; path = ../../ofxControlPanel/src/guiTypeChartPlotter.h; sourceTree = SOURCE_ROOT; };
		27127F6314BAB72600E3DB5A /* guiTypeCustom.cpp */ = {isa = PBXFileReference; fileEncoding = 4; lastKnownFileType = sourcecode.cpp.cpp; name = guiTypeCustom.cpp; path = ../../ofxControlPanel/src/guiTypeCustom.cpp; sourceTree = SOURCE_ROOT; };
		27127F6414BAB72600E3DB5A /* guiTypeCustom.h */ = {isa = PBXFileReference; fileEncoding = 4; lastKnownFileType = sourcecode.c.h; name = guiTypeCustom.h; path = ../../ofxControlPanel/src/guiTypeCustom.h; sourceTree = SOURCE_ROOT; };
		27127F6514BAB72600E3DB5A /* guiTypeDrawable.cpp */ = {isa = PBXFileReference; fileEncoding = 4; lastKnownFileType = sourcecode.cpp.cpp; name = guiTypeDrawable.cpp; path = ../../ofxControlPanel/src/guiTypeDrawable.cpp; sourceTree = SOURCE_ROOT; };
		27127F6614BAB72600E3DB5A /* guiTypeDrawable.h */ = {isa = PBXFileReference; fileEncoding = 4; lastKnownFileType = sourcecode.c.h; name = guiTypeDrawable.h; path = ../../ofxControlPanel/src/guiTypeDrawable.h; sourceTree = SOURCE_ROOT; };
		27127F6714BAB72600E3DB5A /* guiTypeFileLister.cpp */ = {isa = PBXFileReference; fileEncoding = 4; lastKnownFileType = sourcecode.cpp.cpp; name = guiTypeFileLister.cpp; path = ../../ofxControlPanel/src/guiTypeFileLister.cpp; sourceTree = SOURCE_ROOT; };
		27127F6814BAB72600E3DB5A /* guiTypeFileLister.h */ = {isa = PBXFileReference; fileEncoding = 4; lastKnownFileType = sourcecode.c.h; name = guiTypeFileLister.h; path = ../../ofxControlPanel/src/guiTypeFileLister.h; sourceTree = SOURCE_ROOT; };
		27127F6914BAB72600E3DB5A /* guiTypeLabel.cpp */ = {isa = PBXFileReference; fileEncoding = 4; lastKnownFileType = sourcecode.cpp.cpp; name = guiTypeLabel.cpp; path = ../../ofxControlPanel/src/guiTypeLabel.cpp; sourceTree = SOURCE_ROOT; };
		27127F6A14BAB72600E3DB5A /* guiTypeLabel.h */ = {isa = PBXFileReference; fileEncoding = 4; lastKnownFileType = sourcecode.c.h; name = guiTypeLabel.h; path = ../../ofxControlPanel/src/guiTypeLabel.h; sourceTree = SOURCE_ROOT; };
		27127F6B14BAB72600E3DB5A /* guiTypeLogger.cpp */ = {isa = PBXFileReference; fileEncoding = 4; lastKnownFileType = sourcecode.cpp.cpp; name = guiTypeLogger.cpp; path = ../../ofxControlPanel/src/guiTypeLogger.cpp; sourceTree = SOURCE_ROOT; };
		27127F6C14BAB72600E3DB5A /* guiTypeLogger.h */ = {isa = PBXFileReference; fileEncoding = 4; lastKnownFileType = sourcecode.c.h; name = guiTypeLogger.h; path = ../../ofxControlPanel/src/guiTypeLogger.h; sourceTree = SOURCE_ROOT; };
		27127F6D14BAB72600E3DB5A /* guiTypeMultiToggle.cpp */ = {isa = PBXFileReference; fileEncoding = 4; lastKnownFileType = sourcecode.cpp.cpp; name = guiTypeMultiToggle.cpp; path = ../../ofxControlPanel/src/guiTypeMultiToggle.cpp; sourceTree = SOURCE_ROOT; };
		27127F6E14BAB72600E3DB5A /* guiTypeMultiToggle.h */ = {isa = PBXFileReference; fileEncoding = 4; lastKnownFileType = sourcecode.c.h; name = guiTypeMultiToggle.h; path = ../../ofxControlPanel/src/guiTypeMultiToggle.h; sourceTree = SOURCE_ROOT; };
		27127F6F14BAB72600E3DB5A /* guiTypePanel.cpp */ = {isa = PBXFileReference; fileEncoding = 4; lastKnownFileType = sourcecode.cpp.cpp; name = guiTypePanel.cpp; path = ../../ofxControlPanel/src/guiTypePanel.cpp; sourceTree = SOURCE_ROOT; };
		27127F7014BAB72600E3DB5A /* guiTypePanel.h */ = {isa = PBXFileReference; fileEncoding = 4; lastKnownFileType = sourcecode.c.h; name = guiTypePanel.h; path = ../../ofxControlPanel/src/guiTypePanel.h; sourceTree = SOURCE_ROOT; };
		27127F7114BAB72600E3DB5A /* guiTypeSlider.cpp */ = {isa = PBXFileReference; fileEncoding = 4; lastKnownFileType = sourcecode.cpp.cpp; name = guiTypeSlider.cpp; path = ../../ofxControlPanel/src/guiTypeSlider.cpp; sourceTree = SOURCE_ROOT; };
		27127F7214BAB72600E3DB5A /* guiTypeSlider.h */ = {isa = PBXFileReference; fileEncoding = 4; lastKnownFileType = sourcecode.c.h; name = guiTypeSlider.h; path = ../../ofxControlPanel/src/guiTypeSlider.h; sourceTree = SOURCE_ROOT; };
		27127F7314BAB72600E3DB5A /* guiTypeText.cpp */ = {isa = PBXFileReference; fileEncoding = 4; lastKnownFileType = sourcecode.cpp.cpp; name = guiTypeText.cpp; path = ../../ofxControlPanel/src/guiTypeText.cpp; sourceTree = SOURCE_ROOT; };
		27127F7414BAB72600E3DB5A /* guiTypeText.h */ = {isa = PBXFileReference; fileEncoding = 4; lastKnownFileType = sourcecode.c.h; name = guiTypeText.h; path = ../../ofxControlPanel/src/guiTypeText.h; sourceTree = SOURCE_ROOT; };
		27127F7514BAB72600E3DB5A /* guiTypeTextDropDown.cpp */ = {isa = PBXFileReference; fileEncoding = 4; lastKnownFileType = sourcecode.cpp.cpp; name = guiTypeTextDropDown.cpp; path = ../../ofxControlPanel/src/guiTypeTextDropDown.cpp; sourceTree = SOURCE_ROOT; };
		27127F7614BAB72600E3DB5A /* guiTypeTextDropDown.h */ = {isa = PBXFileReference; fileEncoding = 4; lastKnownFileType = sourcecode.c.h; name = guiTypeTextDropDown.h; path = ../../ofxControlPanel/src/guiTypeTextDropDown.h; sourceTree = SOURCE_ROOT; };
		27127F7714BAB72600E3DB5A /* guiTypeTextInput.cpp */ = {isa = PBXFileReference; fileEncoding = 4; lastKnownFileType = sourcecode.cpp.cpp; name = guiTypeTextInput.cpp; path = ../../ofxControlPanel/src/guiTypeTextInput.cpp; sourceTree = SOURCE_ROOT; };
		27127F7814BAB72600E3DB5A /* guiTypeTextInput.h */ = {isa = PBXFileReference; fileEncoding = 4; lastKnownFileType = sourcecode.c.h; name = guiTypeTextInput.h; path = ../../ofxControlPanel/src/guiTypeTextInput.h; sourceTree = SOURCE_ROOT; };
		27127F7914BAB72600E3DB5A /* guiTypeToggle.cpp */ = {isa = PBXFileReference; fileEncoding = 4; lastKnownFileType = sourcecode.cpp.cpp; name = guiTypeToggle.cpp; path = ../../ofxControlPanel/src/guiTypeToggle.cpp; sourceTree = SOURCE_ROOT; };
		27127F7A14BAB72600E3DB5A /* guiTypeToggle.h */ = {isa = PBXFileReference; fileEncoding = 4; lastKnownFileType = sourcecode.c.h; name = guiTypeToggle.h; path = ../../ofxControlPanel/src/guiTypeToggle.h; sourceTree = SOURCE_ROOT; };
		27127F7B14BAB72600E3DB5A /* guiTypeVairableLister.cpp */ = {isa = PBXFileReference; fileEncoding = 4; lastKnownFileType = sourcecode.cpp.cpp; name = guiTypeVairableLister.cpp; path = ../../ofxControlPanel/src/guiTypeVairableLister.cpp; sourceTree = SOURCE_ROOT; };
		27127F7C14BAB72600E3DB5A /* guiTypeVairableLister.h */ = {isa = PBXFileReference; fileEncoding = 4; lastKnownFileType = sourcecode.c.h; name = guiTypeVairableLister.h; path = ../../ofxControlPanel/src/guiTypeVairableLister.h; sourceTree = SOURCE_ROOT; };
		27127F7D14BAB72600E3DB5A /* guiTypeVideo.cpp */ = {isa = PBXFileReference; fileEncoding = 4; lastKnownFileType = sourcecode.cpp.cpp; name = guiTypeVideo.cpp; path = ../../ofxControlPanel/src/guiTypeVideo.cpp; sourceTree = SOURCE_ROOT; };
		27127F7E14BAB72600E3DB5A /* guiTypeVideo.h */ = {isa = PBXFileReference; fileEncoding = 4; lastKnownFileType = sourcecode.c.h; name = guiTypeVideo.h; path = ../../ofxControlPanel/src/guiTypeVideo.h; sourceTree = SOURCE_ROOT; };
		27127F7F14BAB72600E3DB5A /* guiValue.cpp */ = {isa = PBXFileReference; fileEncoding = 4; lastKnownFileType = sourcecode.cpp.cpp; name = guiValue.cpp; path = ../../ofxControlPanel/src/guiValue.cpp; sourceTree = SOURCE_ROOT; };
		27127F8014BAB72600E3DB5A /* guiValue.h */ = {isa = PBXFileReference; fileEncoding = 4; lastKnownFileType = sourcecode.c.h; name = guiValue.h; path = ../../ofxControlPanel/src/guiValue.h; sourceTree = SOURCE_ROOT; };
		27127F8114BAB72600E3DB5A /* guiVariablePointer.h */ = {isa = PBXFileReference; fileEncoding = 4; lastKnownFileType = sourcecode.c.h; name = guiVariablePointer.h; path = ../../ofxControlPanel/src/guiVariablePointer.h; sourceTree = SOURCE_ROOT; };
		27127F8214BAB72600E3DB5A /* guiXmlValue.h */ = {isa = PBXFileReference; fileEncoding = 4; lastKnownFileType = sourcecode.c.h; name = guiXmlValue.h; path = ../../ofxControlPanel/src/guiXmlValue.h; sourceTree = SOURCE_ROOT; };
		27127F8314BAB72600E3DB5A /* ofxAutoControlPanel.h */ = {isa = PBXFileReference; fileEncoding = 4; lastKnownFileType = sourcecode.c.h; name = ofxAutoControlPanel.h; path = ../../ofxControlPanel/src/ofxAutoControlPanel.h; sourceTree = SOURCE_ROOT; };
		27127F8414BAB72600E3DB5A /* ofxControlPanel.cpp */ = {isa = PBXFileReference; fileEncoding = 4; lastKnownFileType = sourcecode.cpp.cpp; name = ofxControlPanel.cpp; path = ../../ofxControlPanel/src/ofxControlPanel.cpp; sourceTree = SOURCE_ROOT; };
		27127F8514BAB72600E3DB5A /* ofxControlPanel.h */ = {isa = PBXFileReference; fileEncoding = 4; lastKnownFileType = sourcecode.c.h; name = ofxControlPanel.h; path = ../../ofxControlPanel/src/ofxControlPanel.h; sourceTree = SOURCE_ROOT; };
		27127F8614BAB72600E3DB5A /* simpleColor.cpp */ = {isa = PBXFileReference; fileEncoding = 4; lastKnownFileType = sourcecode.cpp.cpp; name = simpleColor.cpp; path = ../../ofxControlPanel/src/simpleColor.cpp; sourceTree = SOURCE_ROOT; };
		27127F8714BAB72600E3DB5A /* simpleColor.h */ = {isa = PBXFileReference; fileEncoding = 4; lastKnownFileType = sourcecode.c.h; name = simpleColor.h; path = ../../ofxControlPanel/src/simpleColor.h; sourceTree = SOURCE_ROOT; };
		27127F8814BAB72600E3DB5A /* simpleFileLister.cpp */ = {isa = PBXFileReference; fileEncoding = 4; lastKnownFileType = sourcecode.cpp.cpp; name = simpleFileLister.cpp; path = ../../ofxControlPanel/src/simpleFileLister.cpp; sourceTree = SOURCE_ROOT; };
		27127F8914BAB72600E3DB5A /* simpleFileLister.h */ = {isa = PBXFileReference; fileEncoding = 4; lastKnownFileType = sourcecode.c.h; name = simpleFileLister.h; path = ../../ofxControlPanel/src/simpleFileLister.h; sourceTree = SOURCE_ROOT; };
		27127F8A14BAB72600E3DB5A /* simpleLogger.cpp */ = {isa = PBXFileReference; fileEncoding = 4; lastKnownFileType = sourcecode.cpp.cpp; name = simpleLogger.cpp; path = ../../ofxControlPanel/src/simpleLogger.cpp; sourceTree = SOURCE_ROOT; };
		27127F8B14BAB72600E3DB5A /* simpleLogger.h */ = {isa = PBXFileReference; fileEncoding = 4; lastKnownFileType = sourcecode.c.h; name = simpleLogger.h; path = ../../ofxControlPanel/src/simpleLogger.h; sourceTree = SOURCE_ROOT; };
		27127FC514BAB72D00E3DB5A /* install.xml */ = {isa = PBXFileReference; fileEncoding = 4; lastKnownFileType = text.xml; name = install.xml; path = ../../ofxXmlSettings/install.xml; sourceTree = SOURCE_ROOT; };
		27127FC714BAB72D00E3DB5A /* tinyxml.cpp */ = {isa = PBXFileReference; fileEncoding = 4; lastKnownFileType = sourcecode.cpp.cpp; name = tinyxml.cpp; path = ../../ofxXmlSettings/libs/tinyxml.cpp; sourceTree = SOURCE_ROOT; };
		27127FC814BAB72D00E3DB5A /* tinyxml.h */ = {isa = PBXFileReference; fileEncoding = 4; lastKnownFileType = sourcecode.c.h; name = tinyxml.h; path = ../../ofxXmlSettings/libs/tinyxml.h; sourceTree = SOURCE_ROOT; };
		27127FC914BAB72D00E3DB5A /* tinyxmlerror.cpp */ = {isa = PBXFileReference; fileEncoding = 4; lastKnownFileType = sourcecode.cpp.cpp; name = tinyxmlerror.cpp; path = ../../ofxXmlSettings/libs/tinyxmlerror.cpp; sourceTree = SOURCE_ROOT; };
		27127FCA14BAB72D00E3DB5A /* tinyxmlparser.cpp */ = {isa = PBXFileReference; fileEncoding = 4; lastKnownFileType = sourcecode.cpp.cpp; name = tinyxmlparser.cpp; path = ../../ofxXmlSettings/libs/tinyxmlparser.cpp; sourceTree = SOURCE_ROOT; };
		27127FCC14BAB72D00E3DB5A /* ofxXmlSettings.cpp */ = {isa = PBXFileReference; fileEncoding = 4; lastKnownFileType = sourcecode.cpp.cpp; name = ofxXmlSettings.cpp; path = ../../ofxXmlSettings/src/ofxXmlSettings.cpp; sourceTree = SOURCE_ROOT; };
		27127FCD14BAB72D00E3DB5A /* ofxXmlSettings.h */ = {isa = PBXFileReference; fileEncoding = 4; lastKnownFileType = sourcecode.c.h; name = ofxXmlSettings.h; path = ../../ofxXmlSettings/src/ofxXmlSettings.h; sourceTree = SOURCE_ROOT; };
		271A3A8114B9309D001A20D7 /* CurveLut.cpp */ = {isa = PBXFileReference; fileEncoding = 4; lastKnownFileType = sourcecode.cpp.cpp; name = CurveLut.cpp; path = ../../ofxCurvesTool/src/CurveLut.cpp; sourceTree = SOURCE_ROOT; };
		271A3A8214B9309D001A20D7 /* CurveLut.h */ = {isa = PBXFileReference; fileEncoding = 4; lastKnownFileType = sourcecode.c.h; name = CurveLut.h; path = ../../ofxCurvesTool/src/CurveLut.h; sourceTree = SOURCE_ROOT; };
		271A3A8314B9309D001A20D7 /* ofxCurvesTool.cpp */ = {isa = PBXFileReference; fileEncoding = 4; lastKnownFileType = sourcecode.cpp.cpp; name = ofxCurvesTool.cpp; path = ../../ofxCurvesTool/src/ofxCurvesTool.cpp; sourceTree = SOURCE_ROOT; };
		271A3A8414B9309D001A20D7 /* ofxCurvesTool.h */ = {isa = PBXFileReference; fileEncoding = 4; lastKnownFileType = sourcecode.c.h; name = ofxCurvesTool.h; path = ../../ofxCurvesTool/src/ofxCurvesTool.h; sourceTree = SOURCE_ROOT; };
		271A3AAE14B93162001A20D7 /* ofxDmx.cpp */ = {isa = PBXFileReference; fileEncoding = 4; lastKnownFileType = sourcecode.cpp.cpp; name = ofxDmx.cpp; path = ../src/ofxDmx.cpp; sourceTree = SOURCE_ROOT; };
		271A3AAF14B93162001A20D7 /* ofxDmx.h */ = {isa = PBXFileReference; fileEncoding = 4; lastKnownFileType = sourcecode.c.h; name = ofxDmx.h; path = ../src/ofxDmx.h; sourceTree = SOURCE_ROOT; };
		BBAB23BE13894E4700AA2426 /* GLUT.framework */ = {isa = PBXFileReference; lastKnownFileType = wrapper.framework; name = GLUT.framework; path = ../../../libs/glut/lib/osx/GLUT.framework; sourceTree = "<group>"; };
		E4328143138ABC890047C5CB /* openFrameworksLib.xcodeproj */ = {isa = PBXFileReference; lastKnownFileType = "wrapper.pb-project"; name = openFrameworksLib.xcodeproj; path = ../../../libs/openFrameworksCompiled/project/osx/openFrameworksLib.xcodeproj; sourceTree = SOURCE_ROOT; };
		E45BE9710E8CC7DD009D7055 /* AGL.framework */ = {isa = PBXFileReference; lastKnownFileType = wrapper.framework; name = AGL.framework; path = /System/Library/Frameworks/AGL.framework; sourceTree = "<absolute>"; };
		E45BE9720E8CC7DD009D7055 /* ApplicationServices.framework */ = {isa = PBXFileReference; lastKnownFileType = wrapper.framework; name = ApplicationServices.framework; path = /System/Library/Frameworks/ApplicationServices.framework; sourceTree = "<absolute>"; };
		E45BE9730E8CC7DD009D7055 /* AudioToolbox.framework */ = {isa = PBXFileReference; lastKnownFileType = wrapper.framework; name = AudioToolbox.framework; path = /System/Library/Frameworks/AudioToolbox.framework; sourceTree = "<absolute>"; };
		E45BE9740E8CC7DD009D7055 /* Carbon.framework */ = {isa = PBXFileReference; lastKnownFileType = wrapper.framework; name = Carbon.framework; path = /System/Library/Frameworks/Carbon.framework; sourceTree = "<absolute>"; };
		E45BE9750E8CC7DD009D7055 /* CoreAudio.framework */ = {isa = PBXFileReference; lastKnownFileType = wrapper.framework; name = CoreAudio.framework; path = /System/Library/Frameworks/CoreAudio.framework; sourceTree = "<absolute>"; };
		E45BE9760E8CC7DD009D7055 /* CoreFoundation.framework */ = {isa = PBXFileReference; lastKnownFileType = wrapper.framework; name = CoreFoundation.framework; path = /System/Library/Frameworks/CoreFoundation.framework; sourceTree = "<absolute>"; };
		E45BE9770E8CC7DD009D7055 /* CoreServices.framework */ = {isa = PBXFileReference; lastKnownFileType = wrapper.framework; name = CoreServices.framework; path = /System/Library/Frameworks/CoreServices.framework; sourceTree = "<absolute>"; };
		E45BE9790E8CC7DD009D7055 /* OpenGL.framework */ = {isa = PBXFileReference; lastKnownFileType = wrapper.framework; name = OpenGL.framework; path = /System/Library/Frameworks/OpenGL.framework; sourceTree = "<absolute>"; };
		E45BE97A0E8CC7DD009D7055 /* QuickTime.framework */ = {isa = PBXFileReference; lastKnownFileType = wrapper.framework; name = QuickTime.framework; path = /System/Library/Frameworks/QuickTime.framework; sourceTree = "<absolute>"; };
		E4B69B5B0A3A1756003C02F2 /* LightingController.app */ = {isa = PBXFileReference; explicitFileType = wrapper.application; includeInIndex = 0; path = LightingController.app; sourceTree = BUILT_PRODUCTS_DIR; };
		E4B69E1D0A3A1BDC003C02F2 /* main.cpp */ = {isa = PBXFileReference; fileEncoding = 30; lastKnownFileType = sourcecode.cpp.cpp; name = main.cpp; path = src/main.cpp; sourceTree = SOURCE_ROOT; };
		E4B69E1E0A3A1BDC003C02F2 /* ofApp.cpp */ = {isa = PBXFileReference; explicitFileType = sourcecode.cpp.cpp; fileEncoding = 30; path = ofApp.cpp; sourceTree = "<group>"; };
		E4B69E1F0A3A1BDC003C02F2 /* ofApp.h */ = {isa = PBXFileReference; fileEncoding = 30; lastKnownFileType = sourcecode.c.h; path = ofApp.h; sourceTree = "<group>"; };
		E4B6FCAD0C3E899E008CF71C /* openFrameworks-Info.plist */ = {isa = PBXFileReference; fileEncoding = 30; lastKnownFileType = text.plist.xml; path = "openFrameworks-Info.plist"; sourceTree = "<group>"; };
		E4C2424410CC5A17004149E2 /* AppKit.framework */ = {isa = PBXFileReference; lastKnownFileType = wrapper.framework; name = AppKit.framework; path = /System/Library/Frameworks/AppKit.framework; sourceTree = "<absolute>"; };
		E4C2424510CC5A17004149E2 /* Cocoa.framework */ = {isa = PBXFileReference; lastKnownFileType = wrapper.framework; name = Cocoa.framework; path = /System/Library/Frameworks/Cocoa.framework; sourceTree = "<absolute>"; };
		E4C2424610CC5A17004149E2 /* IOKit.framework */ = {isa = PBXFileReference; lastKnownFileType = wrapper.framework; name = IOKit.framework; path = /System/Library/Frameworks/IOKit.framework; sourceTree = "<absolute>"; };
		E4EB691F138AFCF100A09F29 /* CoreOF.xcconfig */ = {isa = PBXFileReference; fileEncoding = 4; lastKnownFileType = text.xcconfig; name = CoreOF.xcconfig; path = ../../../libs/openFrameworksCompiled/project/osx/CoreOF.xcconfig; sourceTree = SOURCE_ROOT; };
		E4EB6923138AFD0F00A09F29 /* Project.xcconfig */ = {isa = PBXFileReference; fileEncoding = 4; lastKnownFileType = text.xcconfig; path = Project.xcconfig; sourceTree = "<group>"; };
/* End PBXFileReference section */

/* Begin PBXFrameworksBuildPhase section */
		E4B69B590A3A1756003C02F2 /* Frameworks */ = {
			isa = PBXFrameworksBuildPhase;
			buildActionMask = 2147483647;
			files = (
				E4EB6799138ADC1D00A09F29 /* GLUT.framework in Frameworks */,
				E4328149138ABC9F0047C5CB /* openFrameworks.a in Frameworks */,
				E45BE97B0E8CC7DD009D7055 /* AGL.framework in Frameworks */,
				E45BE97C0E8CC7DD009D7055 /* ApplicationServices.framework in Frameworks */,
				E45BE97D0E8CC7DD009D7055 /* AudioToolbox.framework in Frameworks */,
				E45BE97E0E8CC7DD009D7055 /* Carbon.framework in Frameworks */,
				E45BE97F0E8CC7DD009D7055 /* CoreAudio.framework in Frameworks */,
				E45BE9800E8CC7DD009D7055 /* CoreFoundation.framework in Frameworks */,
				E45BE9810E8CC7DD009D7055 /* CoreServices.framework in Frameworks */,
				E45BE9830E8CC7DD009D7055 /* OpenGL.framework in Frameworks */,
				E45BE9840E8CC7DD009D7055 /* QuickTime.framework in Frameworks */,
				E4C2424710CC5A17004149E2 /* AppKit.framework in Frameworks */,
				E4C2424810CC5A17004149E2 /* Cocoa.framework in Frameworks */,
				E4C2424910CC5A17004149E2 /* IOKit.framework in Frameworks */,
			);
			runOnlyForDeploymentPostprocessing = 0;
		};
/* End PBXFrameworksBuildPhase section */

/* Begin PBXGroup section */
		27127EA414BAB72600E3DB5A /* ofxControlPanel */ = {
			isa = PBXGroup;
			children = (
				27127F5014BAB72600E3DB5A /* src */,
			);
			name = ofxControlPanel;
			path = ../../ofxControlPanel;
			sourceTree = SOURCE_ROOT;
		};
		27127F5014BAB72600E3DB5A /* src */ = {
			isa = PBXGroup;
			children = (
				27127F5114BAB72600E3DB5A /* guiBaseObject.cpp */,
				27127F5214BAB72600E3DB5A /* guiBaseObject.h */,
				27127F5314BAB72600E3DB5A /* guiCallback.cpp */,
				27127F5414BAB72600E3DB5A /* guiCallback.h */,
				27127F5514BAB72600E3DB5A /* guiCallbackValue.cpp */,
				27127F5614BAB72600E3DB5A /* guiCallbackValue.h */,
				27127F5714BAB72600E3DB5A /* guiColor.cpp */,
				27127F5814BAB72600E3DB5A /* guiColor.h */,
				27127F5914BAB72600E3DB5A /* guiCustomImpl.h */,
				27127F5A14BAB72600E3DB5A /* guiIncludes.h */,
				27127F5B14BAB72600E3DB5A /* guiTextBase.cpp */,
				27127F5C14BAB72600E3DB5A /* guiTextBase.h */,
				27127F5D14BAB72600E3DB5A /* guiType2DSlider.cpp */,
				27127F5E14BAB72600E3DB5A /* guiType2DSlider.h */,
				27127F5F14BAB72600E3DB5A /* guiTypeButtonSlider.cpp */,
				27127F6014BAB72600E3DB5A /* guiTypeButtonSlider.h */,
				27127F6114BAB72600E3DB5A /* guiTypeChartPlotter.cpp */,
				27127F6214BAB72600E3DB5A /* guiTypeChartPlotter.h */,
				27127F6314BAB72600E3DB5A /* guiTypeCustom.cpp */,
				27127F6414BAB72600E3DB5A /* guiTypeCustom.h */,
				27127F6514BAB72600E3DB5A /* guiTypeDrawable.cpp */,
				27127F6614BAB72600E3DB5A /* guiTypeDrawable.h */,
				27127F6714BAB72600E3DB5A /* guiTypeFileLister.cpp */,
				27127F6814BAB72600E3DB5A /* guiTypeFileLister.h */,
				27127F6914BAB72600E3DB5A /* guiTypeLabel.cpp */,
				27127F6A14BAB72600E3DB5A /* guiTypeLabel.h */,
				27127F6B14BAB72600E3DB5A /* guiTypeLogger.cpp */,
				27127F6C14BAB72600E3DB5A /* guiTypeLogger.h */,
				27127F6D14BAB72600E3DB5A /* guiTypeMultiToggle.cpp */,
				27127F6E14BAB72600E3DB5A /* guiTypeMultiToggle.h */,
				27127F6F14BAB72600E3DB5A /* guiTypePanel.cpp */,
				27127F7014BAB72600E3DB5A /* guiTypePanel.h */,
				27127F7114BAB72600E3DB5A /* guiTypeSlider.cpp */,
				27127F7214BAB72600E3DB5A /* guiTypeSlider.h */,
				27127F7314BAB72600E3DB5A /* guiTypeText.cpp */,
				27127F7414BAB72600E3DB5A /* guiTypeText.h */,
				27127F7514BAB72600E3DB5A /* guiTypeTextDropDown.cpp */,
				27127F7614BAB72600E3DB5A /* guiTypeTextDropDown.h */,
				27127F7714BAB72600E3DB5A /* guiTypeTextInput.cpp */,
				27127F7814BAB72600E3DB5A /* guiTypeTextInput.h */,
				27127F7914BAB72600E3DB5A /* guiTypeToggle.cpp */,
				27127F7A14BAB72600E3DB5A /* guiTypeToggle.h */,
				27127F7B14BAB72600E3DB5A /* guiTypeVairableLister.cpp */,
				27127F7C14BAB72600E3DB5A /* guiTypeVairableLister.h */,
				27127F7D14BAB72600E3DB5A /* guiTypeVideo.cpp */,
				27127F7E14BAB72600E3DB5A /* guiTypeVideo.h */,
				27127F7F14BAB72600E3DB5A /* guiValue.cpp */,
				27127F8014BAB72600E3DB5A /* guiValue.h */,
				27127F8114BAB72600E3DB5A /* guiVariablePointer.h */,
				27127F8214BAB72600E3DB5A /* guiXmlValue.h */,
				27127F8314BAB72600E3DB5A /* ofxAutoControlPanel.h */,
				27127F8414BAB72600E3DB5A /* ofxControlPanel.cpp */,
				27127F8514BAB72600E3DB5A /* ofxControlPanel.h */,
				27127F8614BAB72600E3DB5A /* simpleColor.cpp */,
				27127F8714BAB72600E3DB5A /* simpleColor.h */,
				27127F8814BAB72600E3DB5A /* simpleFileLister.cpp */,
				27127F8914BAB72600E3DB5A /* simpleFileLister.h */,
				27127F8A14BAB72600E3DB5A /* simpleLogger.cpp */,
				27127F8B14BAB72600E3DB5A /* simpleLogger.h */,
			);
			name = src;
			path = ../../ofxControlPanel/src;
			sourceTree = SOURCE_ROOT;
		};
		27127FC414BAB72D00E3DB5A /* ofxXmlSettings */ = {
			isa = PBXGroup;
			children = (
				27127FC514BAB72D00E3DB5A /* install.xml */,
				27127FC614BAB72D00E3DB5A /* libs */,
				27127FCB14BAB72D00E3DB5A /* src */,
			);
			name = ofxXmlSettings;
			path = ../../ofxXmlSettings;
			sourceTree = SOURCE_ROOT;
		};
		27127FC614BAB72D00E3DB5A /* libs */ = {
			isa = PBXGroup;
			children = (
				27127FC714BAB72D00E3DB5A /* tinyxml.cpp */,
				27127FC814BAB72D00E3DB5A /* tinyxml.h */,
				27127FC914BAB72D00E3DB5A /* tinyxmlerror.cpp */,
				27127FCA14BAB72D00E3DB5A /* tinyxmlparser.cpp */,
			);
			name = libs;
			path = ../../ofxXmlSettings/libs;
			sourceTree = SOURCE_ROOT;
		};
		27127FCB14BAB72D00E3DB5A /* src */ = {
			isa = PBXGroup;
			children = (
				27127FCC14BAB72D00E3DB5A /* ofxXmlSettings.cpp */,
				27127FCD14BAB72D00E3DB5A /* ofxXmlSettings.h */,
			);
			name = src;
			path = ../../ofxXmlSettings/src;
			sourceTree = SOURCE_ROOT;
		};
		271A3AAC14B93162001A20D7 /* ofxDmx */ = {
			isa = PBXGroup;
			children = (
				271A3AAD14B93162001A20D7 /* src */,
			);
			name = ofxDmx;
			path = ..;
			sourceTree = SOURCE_ROOT;
		};
		271A3AAD14B93162001A20D7 /* src */ = {
			isa = PBXGroup;
			children = (
				271A3AAE14B93162001A20D7 /* ofxDmx.cpp */,
				271A3AAF14B93162001A20D7 /* ofxDmx.h */,
			);
			name = src;
			path = ../src;
			sourceTree = SOURCE_ROOT;
		};
		27BC9CE814B8AD810041147F /* ofxCurvesTool */ = {
			isa = PBXGroup;
			children = (
				27BC9CE914B8AD880041147F /* src */,
			);
			name = ofxCurvesTool;
			sourceTree = "<group>";
		};
		27BC9CE914B8AD880041147F /* src */ = {
			isa = PBXGroup;
			children = (
				271A3A8114B9309D001A20D7 /* CurveLut.cpp */,
				271A3A8214B9309D001A20D7 /* CurveLut.h */,
				271A3A8314B9309D001A20D7 /* ofxCurvesTool.cpp */,
				271A3A8414B9309D001A20D7 /* ofxCurvesTool.h */,
			);
			name = src;
			sourceTree = "<group>";
		};
		BB4B014C10F69532006C3DED /* addons */ = {
			isa = PBXGroup;
			children = (
				27127FC414BAB72D00E3DB5A /* ofxXmlSettings */,
				27127EA414BAB72600E3DB5A /* ofxControlPanel */,
				271A3AAC14B93162001A20D7 /* ofxDmx */,
				27BC9CE814B8AD810041147F /* ofxCurvesTool */,
			);
			name = addons;
			sourceTree = "<group>";
		};
		BBAB23C913894ECA00AA2426 /* system frameworks */ = {
			isa = PBXGroup;
			children = (
				E4C2424410CC5A17004149E2 /* AppKit.framework */,
				E4C2424510CC5A17004149E2 /* Cocoa.framework */,
				E4C2424610CC5A17004149E2 /* IOKit.framework */,
				E45BE9710E8CC7DD009D7055 /* AGL.framework */,
				E45BE9720E8CC7DD009D7055 /* ApplicationServices.framework */,
				E45BE9730E8CC7DD009D7055 /* AudioToolbox.framework */,
				E45BE9740E8CC7DD009D7055 /* Carbon.framework */,
				E45BE9750E8CC7DD009D7055 /* CoreAudio.framework */,
				E45BE9760E8CC7DD009D7055 /* CoreFoundation.framework */,
				E45BE9770E8CC7DD009D7055 /* CoreServices.framework */,
				E45BE9790E8CC7DD009D7055 /* OpenGL.framework */,
				E45BE97A0E8CC7DD009D7055 /* QuickTime.framework */,
			);
			name = "system frameworks";
			sourceTree = "<group>";
		};
		BBAB23CA13894EDB00AA2426 /* 3rd party frameworks */ = {
			isa = PBXGroup;
			children = (
				BBAB23BE13894E4700AA2426 /* GLUT.framework */,
			);
			name = "3rd party frameworks";
			sourceTree = "<group>";
		};
		E4328144138ABC890047C5CB /* Products */ = {
			isa = PBXGroup;
			children = (
				E4328148138ABC890047C5CB /* openFrameworks.a */,
			);
			name = Products;
			sourceTree = "<group>";
		};
		E45BE5980E8CC70C009D7055 /* frameworks */ = {
			isa = PBXGroup;
			children = (
				BBAB23CA13894EDB00AA2426 /* 3rd party frameworks */,
				BBAB23C913894ECA00AA2426 /* system frameworks */,
			);
			name = frameworks;
			sourceTree = "<group>";
		};
		E4B69B4A0A3A1720003C02F2 = {
			isa = PBXGroup;
			children = (
				E4B69E1C0A3A1BDC003C02F2 /* src */,
				E4EEC9E9138DF44700A80321 /* openFrameworks */,
				BB4B014C10F69532006C3DED /* addons */,
				E45BE5980E8CC70C009D7055 /* frameworks */,
				E4B69B5B0A3A1756003C02F2 /* LightingController.app */,
			);
			sourceTree = "<group>";
		};
		E4B69E1C0A3A1BDC003C02F2 /* src */ = {
			isa = PBXGroup;
			children = (
				E4B69E1D0A3A1BDC003C02F2 /* main.cpp */,
				E4B69E1E0A3A1BDC003C02F2 /* ofApp.cpp */,
				E4B69E1F0A3A1BDC003C02F2 /* ofApp.h */,
			);
			path = src;
			sourceTree = SOURCE_ROOT;
		};
		E4EEC9E9138DF44700A80321 /* openFrameworks */ = {
			isa = PBXGroup;
			children = (
				E4EB6923138AFD0F00A09F29 /* Project.xcconfig */,
				E4EB691F138AFCF100A09F29 /* CoreOF.xcconfig */,
				E4328143138ABC890047C5CB /* openFrameworksLib.xcodeproj */,
				E4B6FCAD0C3E899E008CF71C /* openFrameworks-Info.plist */,
			);
			name = openFrameworks;
			sourceTree = "<group>";
		};
/* End PBXGroup section */

/* Begin PBXNativeTarget section */
		E4B69B5A0A3A1756003C02F2 /* LightingController */ = {
			isa = PBXNativeTarget;
			buildConfigurationList = E4B69B5F0A3A1757003C02F2 /* Build configuration list for PBXNativeTarget "LightingController" */;
			buildPhases = (
				E4B69B580A3A1756003C02F2 /* Sources */,
				E4B69B590A3A1756003C02F2 /* Frameworks */,
				E4B6FFFD0C3F9AB9008CF71C /* ShellScript */,
				E4C2427710CC5ABF004149E2 /* CopyFiles */,
			);
			buildRules = (
			);
			dependencies = (
				E4EEB9AC138B136A00A80321 /* PBXTargetDependency */,
			);
			name = LightingController;
			productName = myOFApp;
			productReference = E4B69B5B0A3A1756003C02F2 /* LightingController.app */;
			productType = "com.apple.product-type.application";
		};
/* End PBXNativeTarget section */

/* Begin PBXProject section */
		E4B69B4C0A3A1720003C02F2 /* Project object */ = {
			isa = PBXProject;
			buildConfigurationList = E4B69B4D0A3A1720003C02F2 /* Build configuration list for PBXProject "ControllerExample" */;
			compatibilityVersion = "Xcode 2.4";
			hasScannedForEncodings = 0;
			knownRegions = (
				English,
				Japanese,
				French,
				German,
			);
			mainGroup = E4B69B4A0A3A1720003C02F2;
			productRefGroup = E4B69B4A0A3A1720003C02F2;
			projectDirPath = "";
			projectReferences = (
				{
					ProductGroup = E4328144138ABC890047C5CB /* Products */;
					ProjectRef = E4328143138ABC890047C5CB /* openFrameworksLib.xcodeproj */;
				},
			);
			projectRoot = "";
			targets = (
				E4B69B5A0A3A1756003C02F2 /* LightingController */,
			);
		};
/* End PBXProject section */

/* Begin PBXReferenceProxy section */
		E4328148138ABC890047C5CB /* openFrameworks.a */ = {
			isa = PBXReferenceProxy;
			fileType = archive.ar;
			path = openFrameworks.a;
			remoteRef = E4328147138ABC890047C5CB /* PBXContainerItemProxy */;
			sourceTree = BUILT_PRODUCTS_DIR;
		};
/* End PBXReferenceProxy section */

/* Begin PBXShellScriptBuildPhase section */
		E4B6FFFD0C3F9AB9008CF71C /* ShellScript */ = {
			isa = PBXShellScriptBuildPhase;
			buildActionMask = 2147483647;
			files = (
			);
			inputPaths = (
			);
			outputPaths = (
			);
			runOnlyForDeploymentPostprocessing = 0;
			shellPath = /bin/sh;
			shellScript = "cp -f ../../../libs/fmodex/lib/osx/libfmodex.dylib \"$TARGET_BUILD_DIR/$PRODUCT_NAME.app/Contents/MacOS/libfmodex.dylib\"; install_name_tool -change ./libfmodex.dylib @executable_path/libfmodex.dylib \"$TARGET_BUILD_DIR/$PRODUCT_NAME.app/Contents/MacOS/$PRODUCT_NAME\";";
		};
/* End PBXShellScriptBuildPhase section */

/* Begin PBXSourcesBuildPhase section */
		E4B69B580A3A1756003C02F2 /* Sources */ = {
			isa = PBXSourcesBuildPhase;
			buildActionMask = 2147483647;
			files = (
				E4B69E200A3A1BDC003C02F2 /* main.cpp in Sources */,
				E4B69E210A3A1BDC003C02F2 /* ofApp.cpp in Sources */,
				271A3A8514B9309D001A20D7 /* CurveLut.cpp in Sources */,
				271A3A8614B9309D001A20D7 /* ofxCurvesTool.cpp in Sources */,
				271A3AB014B93162001A20D7 /* ofxDmx.cpp in Sources */,
				27127F8C14BAB72600E3DB5A /* guiBaseObject.cpp in Sources */,
				27127F8D14BAB72600E3DB5A /* guiCallback.cpp in Sources */,
				27127F8E14BAB72600E3DB5A /* guiCallbackValue.cpp in Sources */,
				27127F8F14BAB72600E3DB5A /* guiColor.cpp in Sources */,
				27127F9014BAB72600E3DB5A /* guiTextBase.cpp in Sources */,
				27127F9114BAB72600E3DB5A /* guiType2DSlider.cpp in Sources */,
				27127F9214BAB72600E3DB5A /* guiTypeButtonSlider.cpp in Sources */,
				27127F9314BAB72600E3DB5A /* guiTypeChartPlotter.cpp in Sources */,
				27127F9414BAB72600E3DB5A /* guiTypeCustom.cpp in Sources */,
				27127F9514BAB72600E3DB5A /* guiTypeDrawable.cpp in Sources */,
				27127F9614BAB72600E3DB5A /* guiTypeFileLister.cpp in Sources */,
				27127F9714BAB72600E3DB5A /* guiTypeLabel.cpp in Sources */,
				27127F9814BAB72600E3DB5A /* guiTypeLogger.cpp in Sources */,
				27127F9914BAB72600E3DB5A /* guiTypeMultiToggle.cpp in Sources */,
				27127F9A14BAB72600E3DB5A /* guiTypePanel.cpp in Sources */,
				27127F9B14BAB72600E3DB5A /* guiTypeSlider.cpp in Sources */,
				27127F9C14BAB72600E3DB5A /* guiTypeText.cpp in Sources */,
				27127F9D14BAB72600E3DB5A /* guiTypeTextDropDown.cpp in Sources */,
				27127F9E14BAB72600E3DB5A /* guiTypeTextInput.cpp in Sources */,
				27127F9F14BAB72600E3DB5A /* guiTypeToggle.cpp in Sources */,
				27127FA014BAB72600E3DB5A /* guiTypeVairableLister.cpp in Sources */,
				27127FA114BAB72600E3DB5A /* guiTypeVideo.cpp in Sources */,
				27127FA214BAB72600E3DB5A /* guiValue.cpp in Sources */,
				27127FA314BAB72600E3DB5A /* ofxControlPanel.cpp in Sources */,
				27127FA414BAB72600E3DB5A /* simpleColor.cpp in Sources */,
				27127FA514BAB72600E3DB5A /* simpleFileLister.cpp in Sources */,
				27127FA614BAB72600E3DB5A /* simpleLogger.cpp in Sources */,
				27127FCE14BAB72D00E3DB5A /* tinyxml.cpp in Sources */,
				27127FCF14BAB72D00E3DB5A /* tinyxmlerror.cpp in Sources */,
				27127FD014BAB72D00E3DB5A /* tinyxmlparser.cpp in Sources */,
				27127FD114BAB72D00E3DB5A /* ofxXmlSettings.cpp in Sources */,
			);
			runOnlyForDeploymentPostprocessing = 0;
		};
/* End PBXSourcesBuildPhase section */

/* Begin PBXTargetDependency section */
		E4EEB9AC138B136A00A80321 /* PBXTargetDependency */ = {
			isa = PBXTargetDependency;
			name = openFrameworks;
			targetProxy = E4EEB9AB138B136A00A80321 /* PBXContainerItemProxy */;
		};
/* End PBXTargetDependency section */

/* Begin XCBuildConfiguration section */
		E4B69B4E0A3A1720003C02F2 /* Debug */ = {
			isa = XCBuildConfiguration;
			baseConfigurationReference = E4EB6923138AFD0F00A09F29 /* Project.xcconfig */;
			buildSettings = {
				ARCHS = "$(NATIVE_ARCH)";
				CONFIGURATION_BUILD_DIR = "$(SRCROOT)/bin/";
				COPY_PHASE_STRIP = NO;
				DEAD_CODE_STRIPPING = YES;
				GCC_AUTO_VECTORIZATION = YES;
				GCC_ENABLE_SSE3_EXTENSIONS = YES;
				GCC_ENABLE_SUPPLEMENTAL_SSE3_INSTRUCTIONS = YES;
				GCC_INLINES_ARE_PRIVATE_EXTERN = NO;
				GCC_MODEL_TUNING = G5;
				GCC_SYMBOLS_PRIVATE_EXTERN = NO;
				GCC_WARN_ABOUT_DEPRECATED_FUNCTIONS = NO;
				GCC_WARN_ABOUT_INVALID_OFFSETOF_MACRO = NO;
				GCC_WARN_ALLOW_INCOMPLETE_PROTOCOL = NO;
				GCC_WARN_UNINITIALIZED_AUTOS = NO;
				GCC_WARN_UNUSED_VALUE = NO;
				GCC_WARN_UNUSED_VARIABLE = NO;
				OTHER_CPLUSPLUSFLAGS = (
					"-D__MACOSX_CORE__",
					"-lpthread",
				);
			};
			name = Debug;
		};
		E4B69B4F0A3A1720003C02F2 /* Release */ = {
			isa = XCBuildConfiguration;
			baseConfigurationReference = E4EB6923138AFD0F00A09F29 /* Project.xcconfig */;
			buildSettings = {
				ARCHS = "$(NATIVE_ARCH)";
				CONFIGURATION_BUILD_DIR = "$(SRCROOT)/bin/";
				COPY_PHASE_STRIP = YES;
				DEAD_CODE_STRIPPING = YES;
				GCC_AUTO_VECTORIZATION = YES;
				GCC_ENABLE_SSE3_EXTENSIONS = YES;
				GCC_ENABLE_SUPPLEMENTAL_SSE3_INSTRUCTIONS = YES;
				GCC_INLINES_ARE_PRIVATE_EXTERN = NO;
				GCC_MODEL_TUNING = G5;
				GCC_OPTIMIZATION_LEVEL = 3;
				GCC_SYMBOLS_PRIVATE_EXTERN = NO;
				GCC_UNROLL_LOOPS = YES;
				GCC_WARN_ABOUT_DEPRECATED_FUNCTIONS = NO;
				GCC_WARN_ABOUT_INVALID_OFFSETOF_MACRO = NO;
				GCC_WARN_ALLOW_INCOMPLETE_PROTOCOL = NO;
				GCC_WARN_UNINITIALIZED_AUTOS = NO;
				GCC_WARN_UNUSED_VALUE = NO;
				GCC_WARN_UNUSED_VARIABLE = NO;
				OTHER_CPLUSPLUSFLAGS = (
					"-D__MACOSX_CORE__",
					"-lpthread",
				);
			};
			name = Release;
		};
		E4B69B600A3A1757003C02F2 /* Debug */ = {
			isa = XCBuildConfiguration;
			buildSettings = {
				COPY_PHASE_STRIP = NO;
				FRAMEWORK_SEARCH_PATHS = (
					"$(inherited)",
					"$(FRAMEWORK_SEARCH_PATHS_QUOTED_FOR_TARGET_1)",
				);
				FRAMEWORK_SEARCH_PATHS_QUOTED_FOR_TARGET_1 = "\"$(SRCROOT)/../../../libs/glut/lib/osx\"";
				GCC_DYNAMIC_NO_PIC = NO;
				GCC_ENABLE_FIX_AND_CONTINUE = YES;
				GCC_GENERATE_DEBUGGING_SYMBOLS = YES;
				GCC_MODEL_TUNING = G4;
				GCC_PRECOMPILE_PREFIX_HEADER = YES;
				GCC_PREFIX_HEADER = "$(SYSTEM_LIBRARY_DIR)/Frameworks/Carbon.framework/Headers/Carbon.h";
				INFOPLIST_FILE = "openFrameworks-Info.plist";
				INSTALL_PATH = "$(HOME)/Applications";
				LIBRARY_SEARCH_PATHS = (
					"$(inherited)",
					"$(LIBRARY_SEARCH_PATHS_QUOTED_FOR_TARGET_1)",
					"$(LIBRARY_SEARCH_PATHS_QUOTED_FOR_TARGET_2)",
					"$(LIBRARY_SEARCH_PATHS_QUOTED_FOR_TARGET_3)",
					"$(LIBRARY_SEARCH_PATHS_QUOTED_FOR_TARGET_4)",
					"$(LIBRARY_SEARCH_PATHS_QUOTED_FOR_TARGET_5)",
					"$(LIBRARY_SEARCH_PATHS_QUOTED_FOR_TARGET_6)",
					"$(LIBRARY_SEARCH_PATHS_QUOTED_FOR_TARGET_7)",
					"$(LIBRARY_SEARCH_PATHS_QUOTED_FOR_TARGET_8)",
					"$(LIBRARY_SEARCH_PATHS_QUOTED_FOR_TARGET_9)",
					"$(LIBRARY_SEARCH_PATHS_QUOTED_FOR_TARGET_10)",
					"$(LIBRARY_SEARCH_PATHS_QUOTED_FOR_TARGET_11)",
					"$(LIBRARY_SEARCH_PATHS_QUOTED_FOR_TARGET_12)",
					"$(LIBRARY_SEARCH_PATHS_QUOTED_FOR_TARGET_13)",
					"$(LIBRARY_SEARCH_PATHS_QUOTED_FOR_TARGET_14)",
					"$(LIBRARY_SEARCH_PATHS_QUOTED_FOR_TARGET_15)",
					"$(LIBRARY_SEARCH_PATHS_QUOTED_FOR_TARGET_2)",
					"$(LIBRARY_SEARCH_PATHS_QUOTED_FOR_TARGET_3)",
					"$(LIBRARY_SEARCH_PATHS_QUOTED_FOR_TARGET_7)",
					"$(LIBRARY_SEARCH_PATHS_QUOTED_FOR_TARGET_8)",
					"$(LIBRARY_SEARCH_PATHS_QUOTED_FOR_TARGET_9)",
					"$(LIBRARY_SEARCH_PATHS_QUOTED_FOR_TARGET_10)",
					"$(LIBRARY_SEARCH_PATHS_QUOTED_FOR_TARGET_11)",
					"$(LIBRARY_SEARCH_PATHS_QUOTED_FOR_TARGET_12)",
					"$(LIBRARY_SEARCH_PATHS_QUOTED_FOR_TARGET_13)",
					"$(LIBRARY_SEARCH_PATHS_QUOTED_FOR_TARGET_16)",
					"$(LIBRARY_SEARCH_PATHS_QUOTED_FOR_TARGET_17)",
					"$(LIBRARY_SEARCH_PATHS_QUOTED_FOR_TARGET_18)",
					"$(LIBRARY_SEARCH_PATHS_QUOTED_FOR_TARGET_19)",
					"$(LIBRARY_SEARCH_PATHS_QUOTED_FOR_TARGET_20)",
					"$(LIBRARY_SEARCH_PATHS_QUOTED_FOR_TARGET_21)",
					"$(LIBRARY_SEARCH_PATHS_QUOTED_FOR_TARGET_22)",
					"$(LIBRARY_SEARCH_PATHS_QUOTED_FOR_TARGET_23)",
					"$(LIBRARY_SEARCH_PATHS_QUOTED_FOR_TARGET_24)",
					"$(LIBRARY_SEARCH_PATHS_QUOTED_FOR_TARGET_25)",
					"$(LIBRARY_SEARCH_PATHS_QUOTED_FOR_TARGET_26)",
					"$(LIBRARY_SEARCH_PATHS_QUOTED_FOR_TARGET_27)",
					"$(LIBRARY_SEARCH_PATHS_QUOTED_FOR_TARGET_28)",
					"$(LIBRARY_SEARCH_PATHS_QUOTED_FOR_TARGET_29)",
					"$(LIBRARY_SEARCH_PATHS_QUOTED_FOR_TARGET_30)",
					"$(LIBRARY_SEARCH_PATHS_QUOTED_FOR_TARGET_31)",
					"$(LIBRARY_SEARCH_PATHS_QUOTED_FOR_TARGET_32)",
					"$(LIBRARY_SEARCH_PATHS_QUOTED_FOR_TARGET_33)",
					"$(LIBRARY_SEARCH_PATHS_QUOTED_FOR_TARGET_34)",
					"$(LIBRARY_SEARCH_PATHS_QUOTED_FOR_TARGET_35)",
					"$(LIBRARY_SEARCH_PATHS_QUOTED_FOR_TARGET_36)",
					"$(LIBRARY_SEARCH_PATHS_QUOTED_FOR_TARGET_37)",
					"$(LIBRARY_SEARCH_PATHS_QUOTED_FOR_TARGET_38)",
					"$(LIBRARY_SEARCH_PATHS_QUOTED_FOR_TARGET_39)",
					"$(LIBRARY_SEARCH_PATHS_QUOTED_FOR_TARGET_40)",
					"$(LIBRARY_SEARCH_PATHS_QUOTED_FOR_TARGET_41)",
					"$(LIBRARY_SEARCH_PATHS_QUOTED_FOR_TARGET_42)",
					"$(LIBRARY_SEARCH_PATHS_QUOTED_FOR_TARGET_43)",
					"$(LIBRARY_SEARCH_PATHS_QUOTED_FOR_TARGET_44)",
					"$(LIBRARY_SEARCH_PATHS_QUOTED_FOR_TARGET_45)",
					"$(LIBRARY_SEARCH_PATHS_QUOTED_FOR_TARGET_46)",
					"$(LIBRARY_SEARCH_PATHS_QUOTED_FOR_TARGET_47)",
					"$(LIBRARY_SEARCH_PATHS_QUOTED_FOR_TARGET_48)",
					"$(LIBRARY_SEARCH_PATHS_QUOTED_FOR_TARGET_49)",
					"$(LIBRARY_SEARCH_PATHS_QUOTED_FOR_TARGET_50)",
					"$(LIBRARY_SEARCH_PATHS_QUOTED_FOR_TARGET_51)",
					"$(LIBRARY_SEARCH_PATHS_QUOTED_FOR_TARGET_52)",
				);
				PREBINDING = NO;
				PRODUCT_NAME = "$(TARGET_NAME)Debug";
				WRAPPER_EXTENSION = app;
			};
			name = Debug;
		};
		E4B69B610A3A1757003C02F2 /* Release */ = {
			isa = XCBuildConfiguration;
			buildSettings = {
				COPY_PHASE_STRIP = YES;
				FRAMEWORK_SEARCH_PATHS = (
					"$(inherited)",
					"$(FRAMEWORK_SEARCH_PATHS_QUOTED_FOR_TARGET_1)",
				);
				FRAMEWORK_SEARCH_PATHS_QUOTED_FOR_TARGET_1 = "\"$(SRCROOT)/../../../libs/glut/lib/osx\"";
				GCC_ENABLE_FIX_AND_CONTINUE = NO;
				GCC_GENERATE_DEBUGGING_SYMBOLS = NO;
				GCC_MODEL_TUNING = G4;
				GCC_PRECOMPILE_PREFIX_HEADER = YES;
				GCC_PREFIX_HEADER = "$(SYSTEM_LIBRARY_DIR)/Frameworks/Carbon.framework/Headers/Carbon.h";
				INFOPLIST_FILE = "openFrameworks-Info.plist";
				INSTALL_PATH = "$(HOME)/Applications";
				LIBRARY_SEARCH_PATHS = (
					"$(inherited)",
					"$(LIBRARY_SEARCH_PATHS_QUOTED_FOR_TARGET_1)",
					"$(LIBRARY_SEARCH_PATHS_QUOTED_FOR_TARGET_2)",
					"$(LIBRARY_SEARCH_PATHS_QUOTED_FOR_TARGET_3)",
					"$(LIBRARY_SEARCH_PATHS_QUOTED_FOR_TARGET_4)",
					"$(LIBRARY_SEARCH_PATHS_QUOTED_FOR_TARGET_5)",
					"$(LIBRARY_SEARCH_PATHS_QUOTED_FOR_TARGET_6)",
					"$(LIBRARY_SEARCH_PATHS_QUOTED_FOR_TARGET_7)",
					"$(LIBRARY_SEARCH_PATHS_QUOTED_FOR_TARGET_8)",
					"$(LIBRARY_SEARCH_PATHS_QUOTED_FOR_TARGET_9)",
					"$(LIBRARY_SEARCH_PATHS_QUOTED_FOR_TARGET_10)",
					"$(LIBRARY_SEARCH_PATHS_QUOTED_FOR_TARGET_11)",
					"$(LIBRARY_SEARCH_PATHS_QUOTED_FOR_TARGET_12)",
					"$(LIBRARY_SEARCH_PATHS_QUOTED_FOR_TARGET_13)",
					"$(LIBRARY_SEARCH_PATHS_QUOTED_FOR_TARGET_14)",
					"$(LIBRARY_SEARCH_PATHS_QUOTED_FOR_TARGET_15)",
					"$(LIBRARY_SEARCH_PATHS_QUOTED_FOR_TARGET_2)",
					"$(LIBRARY_SEARCH_PATHS_QUOTED_1)",
					"$(LIBRARY_SEARCH_PATHS_QUOTED_FOR_TARGET_3)",
					"$(LIBRARY_SEARCH_PATHS_QUOTED_FOR_TARGET_7)",
					"$(LIBRARY_SEARCH_PATHS_QUOTED_FOR_TARGET_8)",
					"$(LIBRARY_SEARCH_PATHS_QUOTED_FOR_TARGET_9)",
					"$(LIBRARY_SEARCH_PATHS_QUOTED_FOR_TARGET_10)",
					"$(LIBRARY_SEARCH_PATHS_QUOTED_FOR_TARGET_11)",
					"$(LIBRARY_SEARCH_PATHS_QUOTED_FOR_TARGET_12)",
					"$(LIBRARY_SEARCH_PATHS_QUOTED_FOR_TARGET_13)",
					"$(LIBRARY_SEARCH_PATHS_QUOTED_FOR_TARGET_16)",
					"$(LIBRARY_SEARCH_PATHS_QUOTED_FOR_TARGET_17)",
					"$(LIBRARY_SEARCH_PATHS_QUOTED_FOR_TARGET_18)",
					"$(LIBRARY_SEARCH_PATHS_QUOTED_FOR_TARGET_19)",
					"$(LIBRARY_SEARCH_PATHS_QUOTED_FOR_TARGET_20)",
					"$(LIBRARY_SEARCH_PATHS_QUOTED_FOR_TARGET_21)",
					"$(LIBRARY_SEARCH_PATHS_QUOTED_FOR_TARGET_22)",
					"$(LIBRARY_SEARCH_PATHS_QUOTED_FOR_TARGET_23)",
					"$(LIBRARY_SEARCH_PATHS_QUOTED_FOR_TARGET_24)",
					"$(LIBRARY_SEARCH_PATHS_QUOTED_FOR_TARGET_25)",
					"$(LIBRARY_SEARCH_PATHS_QUOTED_FOR_TARGET_26)",
					"$(LIBRARY_SEARCH_PATHS_QUOTED_FOR_TARGET_27)",
					"$(LIBRARY_SEARCH_PATHS_QUOTED_FOR_TARGET_28)",
					"$(LIBRARY_SEARCH_PATHS_QUOTED_FOR_TARGET_29)",
					"$(LIBRARY_SEARCH_PATHS_QUOTED_FOR_TARGET_30)",
					"$(LIBRARY_SEARCH_PATHS_QUOTED_FOR_TARGET_31)",
					"$(LIBRARY_SEARCH_PATHS_QUOTED_FOR_TARGET_32)",
					"$(LIBRARY_SEARCH_PATHS_QUOTED_FOR_TARGET_33)",
					"$(LIBRARY_SEARCH_PATHS_QUOTED_FOR_TARGET_34)",
					"$(LIBRARY_SEARCH_PATHS_QUOTED_FOR_TARGET_35)",
					"$(LIBRARY_SEARCH_PATHS_QUOTED_FOR_TARGET_36)",
					"$(LIBRARY_SEARCH_PATHS_QUOTED_FOR_TARGET_37)",
					"$(LIBRARY_SEARCH_PATHS_QUOTED_FOR_TARGET_38)",
					"$(LIBRARY_SEARCH_PATHS_QUOTED_FOR_TARGET_39)",
					"$(LIBRARY_SEARCH_PATHS_QUOTED_FOR_TARGET_40)",
					"$(LIBRARY_SEARCH_PATHS_QUOTED_FOR_TARGET_41)",
					"$(LIBRARY_SEARCH_PATHS_QUOTED_FOR_TARGET_42)",
					"$(LIBRARY_SEARCH_PATHS_QUOTED_FOR_TARGET_43)",
					"$(LIBRARY_SEARCH_PATHS_QUOTED_FOR_TARGET_44)",
					"$(LIBRARY_SEARCH_PATHS_QUOTED_FOR_TARGET_45)",
					"$(LIBRARY_SEARCH_PATHS_QUOTED_FOR_TARGET_46)",
					"$(LIBRARY_SEARCH_PATHS_QUOTED_FOR_TARGET_47)",
					"$(LIBRARY_SEARCH_PATHS_QUOTED_FOR_TARGET_48)",
					"$(LIBRARY_SEARCH_PATHS_QUOTED_FOR_TARGET_49)",
					"$(LIBRARY_SEARCH_PATHS_QUOTED_FOR_TARGET_50)",
					"$(LIBRARY_SEARCH_PATHS_QUOTED_FOR_TARGET_51)",
				);
				PREBINDING = NO;
				PRODUCT_NAME = "$(TARGET_NAME)";
				WRAPPER_EXTENSION = app;
			};
			name = Release;
		};
/* End XCBuildConfiguration section */

/* Begin XCConfigurationList section */
		E4B69B4D0A3A1720003C02F2 /* Build configuration list for PBXProject "ControllerExample" */ = {
			isa = XCConfigurationList;
			buildConfigurations = (
				E4B69B4E0A3A1720003C02F2 /* Debug */,
				E4B69B4F0A3A1720003C02F2 /* Release */,
			);
			defaultConfigurationIsVisible = 0;
			defaultConfigurationName = Release;
		};
		E4B69B5F0A3A1757003C02F2 /* Build configuration list for PBXNativeTarget "LightingController" */ = {
			isa = XCConfigurationList;
			buildConfigurations = (
				E4B69B600A3A1757003C02F2 /* Debug */,
				E4B69B610A3A1757003C02F2 /* Release */,
			);
			defaultConfigurationIsVisible = 0;
			defaultConfigurationName = Release;
		};
/* End XCConfigurationList section */
	};
	rootObject = E4B69B4C0A3A1720003C02F2 /* Project object */;
}
